
Microsoft Visual Studio Solution File, Format Version 12.00
# Visual Studio Version 16
VisualStudioVersion = 16.0.29911.84
MinimumVisualStudioVersion = 10.0.40219.1
Project("{FAE04EC0-301F-11D3-BF4B-00C04F79EFBC}") = "PracticWork1", "PracticWork1\PracticWork1.csproj", "{E686053D-2255-472A-885A-EB80895BC93B}"
EndProject
Global
	GlobalSection(SolutionConfigurationPlatforms) = preSolution
		Debug|Any CPU = Debug|Any CPU
		Release|Any CPU = Release|Any CPU
	EndGlobalSection
	GlobalSection(ProjectConfigurationPlatforms) = postSolution
		{E686053D-2255-472A-885A-EB80895BC93B}.Debug|Any CPU.ActiveCfg = Debug|Any CPU
		{E686053D-2255-472A-885A-EB80895BC93B}.Debug|Any CPU.Build.0 = Debug|Any CPU
		{E686053D-2255-472A-885A-EB80895BC93B}.Release|Any CPU.ActiveCfg = Release|Any CPU
		{E686053D-2255-472A-885A-EB80895BC93B}.Release|Any CPU.Build.0 = Release|Any CPU
	EndGlobalSection
	GlobalSection(SolutionProperties) = preSolution
		HideSolutionNode = FALSE
	EndGlobalSection
	GlobalSection(ExtensibilityGlobals) = postSolution
		SolutionGuid = {79463A68-66AD-45C8-8460-9C953C0CC170}
	EndGlobalSection
EndGlobal
